
Microsoft Visual Studio Solution File, Format Version 12.00
# Visual Studio Version 16
VisualStudioVersion = 16.0.29709.97
MinimumVisualStudioVersion = 10.0.40219.1
Project("{9A19103F-16F7-4668-BE54-9A1E7A4F7556}") = "SportCupManager", "SportCupManager\SportCupManager.csproj", "{28664C5B-B268-4E18-B5B4-7397010E0E62}"
EndProject
Project("{9A19103F-16F7-4668-BE54-9A1E7A4F7556}") = "TournamentManager", "TournamentManager\TournamentManager.csproj", "{BDBE7DA0-C2A3-4C61-A077-11F2C5CDD84A}"
EndProject
Project("{FAE04EC0-301F-11D3-BF4B-00C04F79EFBC}") = "TournamentManagerTest", "TournamentManagerTest\TournamentManagerTest.csproj", "{98DF7C92-04C7-4536-BCEE-9F83D6B808C1}"
EndProject
Global
	GlobalSection(SolutionConfigurationPlatforms) = preSolution
		Debug|Any CPU = Debug|Any CPU
		Release|Any CPU = Release|Any CPU
	EndGlobalSection
	GlobalSection(ProjectConfigurationPlatforms) = postSolution
		{28664C5B-B268-4E18-B5B4-7397010E0E62}.Debug|Any CPU.ActiveCfg = Debug|Any CPU
		{28664C5B-B268-4E18-B5B4-7397010E0E62}.Debug|Any CPU.Build.0 = Debug|Any CPU
		{28664C5B-B268-4E18-B5B4-7397010E0E62}.Release|Any CPU.ActiveCfg = Release|Any CPU
		{28664C5B-B268-4E18-B5B4-7397010E0E62}.Release|Any CPU.Build.0 = Release|Any CPU
		{BDBE7DA0-C2A3-4C61-A077-11F2C5CDD84A}.Debug|Any CPU.ActiveCfg = Debug|Any CPU
		{BDBE7DA0-C2A3-4C61-A077-11F2C5CDD84A}.Debug|Any CPU.Build.0 = Debug|Any CPU
		{BDBE7DA0-C2A3-4C61-A077-11F2C5CDD84A}.Release|Any CPU.ActiveCfg = Release|Any CPU
		{BDBE7DA0-C2A3-4C61-A077-11F2C5CDD84A}.Release|Any CPU.Build.0 = Release|Any CPU
		{98DF7C92-04C7-4536-BCEE-9F83D6B808C1}.Debug|Any CPU.ActiveCfg = Debug|Any CPU
		{98DF7C92-04C7-4536-BCEE-9F83D6B808C1}.Debug|Any CPU.Build.0 = Debug|Any CPU
		{98DF7C92-04C7-4536-BCEE-9F83D6B808C1}.Release|Any CPU.ActiveCfg = Release|Any CPU
		{98DF7C92-04C7-4536-BCEE-9F83D6B808C1}.Release|Any CPU.Build.0 = Release|Any CPU
	EndGlobalSection
	GlobalSection(SolutionProperties) = preSolution
		HideSolutionNode = FALSE
	EndGlobalSection
	GlobalSection(ExtensibilityGlobals) = postSolution
		SolutionGuid = {C194D675-0134-44BB-BF9C-06FD062EE3E7}
	EndGlobalSection
EndGlobal
